
Microsoft Visual Studio Solution File, Format Version 12.00
# Visual Studio Version 17
VisualStudioVersion = 17.7.34024.191
MinimumVisualStudioVersion = 10.0.40219.1
Project("{FAE04EC0-301F-11D3-BF4B-00C04F79EFBC}") = "L13AJGC1092223", "L13AJGC1092223\L13AJGC1092223.csproj", "{C1FE5CA9-901E-400A-9890-1DBB2F4C790D}"
EndProject
Global
	GlobalSection(SolutionConfigurationPlatforms) = preSolution
		Debug|Any CPU = Debug|Any CPU
		Release|Any CPU = Release|Any CPU
	EndGlobalSection
	GlobalSection(ProjectConfigurationPlatforms) = postSolution
		{C1FE5CA9-901E-400A-9890-1DBB2F4C790D}.Debug|Any CPU.ActiveCfg = Debug|Any CPU
		{C1FE5CA9-901E-400A-9890-1DBB2F4C790D}.Debug|Any CPU.Build.0 = Debug|Any CPU
		{C1FE5CA9-901E-400A-9890-1DBB2F4C790D}.Release|Any CPU.ActiveCfg = Release|Any CPU
		{C1FE5CA9-901E-400A-9890-1DBB2F4C790D}.Release|Any CPU.Build.0 = Release|Any CPU
	EndGlobalSection
	GlobalSection(SolutionProperties) = preSolution
		HideSolutionNode = FALSE
	EndGlobalSection
	GlobalSection(ExtensibilityGlobals) = postSolution
		SolutionGuid = {01DFB691-B8C3-482E-BD17-83A3B2D42B59}
	EndGlobalSection
EndGlobal
