
Microsoft Visual Studio Solution File, Format Version 12.00
# Visual Studio Version 17
VisualStudioVersion = 17.7.34024.191
MinimumVisualStudioVersion = 10.0.40219.1
Project("{FAE04EC0-301F-11D3-BF4B-00C04F79EFBC}") = "T1AJGC1092223", "T1AJGC1092223\T1AJGC1092223.csproj", "{968AE53E-A377-4647-A65F-2BF1D4D7772E}"
EndProject
Global
	GlobalSection(SolutionConfigurationPlatforms) = preSolution
		Debug|Any CPU = Debug|Any CPU
		Release|Any CPU = Release|Any CPU
	EndGlobalSection
	GlobalSection(ProjectConfigurationPlatforms) = postSolution
		{968AE53E-A377-4647-A65F-2BF1D4D7772E}.Debug|Any CPU.ActiveCfg = Debug|Any CPU
		{968AE53E-A377-4647-A65F-2BF1D4D7772E}.Debug|Any CPU.Build.0 = Debug|Any CPU
		{968AE53E-A377-4647-A65F-2BF1D4D7772E}.Release|Any CPU.ActiveCfg = Release|Any CPU
		{968AE53E-A377-4647-A65F-2BF1D4D7772E}.Release|Any CPU.Build.0 = Release|Any CPU
	EndGlobalSection
	GlobalSection(SolutionProperties) = preSolution
		HideSolutionNode = FALSE
	EndGlobalSection
	GlobalSection(ExtensibilityGlobals) = postSolution
		SolutionGuid = {EA8A56CE-51D0-4156-B7EC-0F80D404DA3D}
	EndGlobalSection
EndGlobal
