
Microsoft Visual Studio Solution File, Format Version 12.00
# Visual Studio Version 17
VisualStudioVersion = 17.7.34024.191
MinimumVisualStudioVersion = 10.0.40219.1
Project("{FAE04EC0-301F-11D3-BF4B-00C04F79EFBC}") = "L4AJGC1092223", "L4AJGC1092223\L4AJGC1092223.csproj", "{B8494EFC-B189-4753-BE7C-E0F79034CA4E}"
EndProject
Global
	GlobalSection(SolutionConfigurationPlatforms) = preSolution
		Debug|Any CPU = Debug|Any CPU
		Release|Any CPU = Release|Any CPU
	EndGlobalSection
	GlobalSection(ProjectConfigurationPlatforms) = postSolution
		{B8494EFC-B189-4753-BE7C-E0F79034CA4E}.Debug|Any CPU.ActiveCfg = Debug|Any CPU
		{B8494EFC-B189-4753-BE7C-E0F79034CA4E}.Debug|Any CPU.Build.0 = Debug|Any CPU
		{B8494EFC-B189-4753-BE7C-E0F79034CA4E}.Release|Any CPU.ActiveCfg = Release|Any CPU
		{B8494EFC-B189-4753-BE7C-E0F79034CA4E}.Release|Any CPU.Build.0 = Release|Any CPU
	EndGlobalSection
	GlobalSection(SolutionProperties) = preSolution
		HideSolutionNode = FALSE
	EndGlobalSection
	GlobalSection(ExtensibilityGlobals) = postSolution
		SolutionGuid = {04279122-DDB6-42F5-9878-AB18F1E28BFF}
	EndGlobalSection
EndGlobal
